#MicroXplorer Configuration settings - do not modify
PF7.GPIOParameters=PinAttribute
Dma.I2C1_TX.6.SyncSignalID=NONE
Dma.SPI1_RX.3.SyncPolarity=HAL_DMAMUX_SYNC_NO_EVENT
NVIC2.SavedPendsvIrqHandlerGenerated=true
VP_SYS_VS_tim6.Mode=TIM6
SH.S_TIM1_CH4.0=TIM1_CH4,PWM Generation4 CH4
NVIC1.TimeBaseIP=TIM6
I2C1.I2C_Speed_Mode=I2C_Fast
PE11.GPIOParameters=PinAttribute
SPI1.VirtualType=VM_MASTER
PB10.Mode=I2C
NVIC2.HSEM2_IRQn=true\:5\:0\:true\:false\:true\:false\:true\:true
PH0-OSC_IN\ (PH0).PinAttribute=CortexM7
NVIC2.SysTick_IRQn=true\:15\:0\:false\:false\:false\:true\:false\:true
TIM1.IPParameters=Channel-PWM Generation1 CH1,Prescaler,Period,Channel-PWM Generation2 CH2,Channel-PWM Generation3 CH3,Channel-PWM Generation4 CH4,Pulse-PWM Generation1 CH1,Pulse-PWM Generation2 CH2,Pulse-PWM Generation3 CH3,Pulse-PWM Generation4 CH4
PC12.Signal=SDMMC1_CK
RCC.PLLFRACN=0
FREERTOS_M4.IPParameters=Tasks01
PD8.Locked=true
PA6.PinAttribute=CortexM4
RCC.CPU2Freq_Value=240000000
RCC.RTCFreq_Value=32000
PA5.PinAttribute=CortexM4
RCC.CpuClockFreq_Value=480000000
PD2.GPIOParameters=PinAttribute
Dma.I2C1_TX.6.Polarity=HAL_DMAMUX_REQ_GEN_RISING
PG14.GPIOParameters=GPIO_Label,PinAttribute
SH.S_TIM1_CH1.ConfNb=1
PB3\ (JTDO/TRACESWO).GPIOParameters=PinAttribute
Dma.SPI1_RX.3.Mode=DMA_CIRCULAR
PG13.Signal=GPXTI13
PinOutPanel.RotationAngle=0
Dma.USART3_TX.8.MemDataAlignment=DMA_MDATAALIGN_BYTE
RCC.MCO1PinFreq_Value=64000000
RCC.SYSCLKSource=RCC_SYSCLKSOURCE_PLLCLK
PB8.PinAttribute=CortexM4
RCC.AHB4Freq_Value=240000000
SH.GPXTI13.0=GPIO_EXTI13
NVIC1.SavedSvcallIrqHandlerGenerated=true
USART3.VirtualMode-Asynchronous=VM_ASYNC
RCC.LPTIM1Freq_Value=120000000
NVIC1.PendSV_IRQn=true\:15\:0\:false\:false\:false\:true\:false\:false
Dma.USART3_TX.8.Direction=DMA_MEMORY_TO_PERIPH
VP_SYS_M4_VS_tim7.Mode=TIM7
PA14\ (JTCK/SWCLK).Signal=DEBUG_JTCK-SWCLK
NVIC2.PendSV_IRQn=true\:15\:0\:false\:false\:false\:true\:false\:false
VP_FREERTOS_M7_VS_CMSIS_V2.Signal=FREERTOS_M7_VS_CMSIS_V2
Dma.I2C1_TX.6.PeriphInc=DMA_PINC_DISABLE
USART3.BaudRate=9600
PD15.GPIOParameters=GPIO_Label,PinAttribute
NVIC1.UART7_IRQn=true\:5\:0\:false\:false\:true\:true\:true\:true
PF7.Signal=UART7_TX
NVIC1.SysTick_IRQn=true\:15\:0\:false\:false\:false\:true\:false\:true
RCC.ADCCLockSelection=RCC_ADCCLKSOURCE_PLL3
SPI1.Direction=SPI_DIRECTION_2LINES
RCC.I2C4Freq_Value=120000000
RCC.DIVQ3Freq_Value=50000000
SPI1.CalculateBaudRate=12.0 MBits/s
PD8.Signal=USART3_TX
NVIC2.DMA1_Stream0_IRQn=true\:5\:0\:false\:false\:true\:true\:false\:true
Dma.USART3_TX.8.PeriphInc=DMA_PINC_DISABLE
Dma.UART7_RX.0.MemDataAlignment=DMA_MDATAALIGN_BYTE
Dma.SPI1_TX.4.Polarity=HAL_DMAMUX_REQ_GEN_RISING
NVIC2.UsageFault_IRQn=true\:0\:0\:false\:false\:true\:false\:false\:false
ProjectManager.ProjectBuild=false
PC8.PinAttribute=CortexM4
PG13.Locked=true
NVIC2.NonMaskableInt_IRQn=true\:0\:0\:false\:false\:true\:false\:false\:false
VP_SYS_M4_VS_tim7.Signal=SYS_M4_VS_tim7
PA8.Locked=true
PA4.Locked=true
RCC.DIVM3=1
Dma.I2C1_RX.5.SyncEnable=DISABLE
RCC.DIVM2=1
RCC.DIVM1=1
SH.GPXTI12.0=GPIO_EXTI12
Dma.I2C1_RX.5.RequestNumber=1
USB_DEVICE_M4.IPParameters=VirtualMode-CDC_FS,VirtualModeFS,CLASS_NAME_FS
ProjectManager.FirmwarePackage=STM32Cube FW_H7 V1.9.0
MxDb.Version=DB.6.0.21
PA1.GPIOParameters=GPIO_Label,PinAttribute
Dma.ADC1.2.MemDataAlignment=DMA_MDATAALIGN_HALFWORD
ProjectManager.BackupPrevious=true
Dma.USART3_RX.7.FIFOMode=DMA_FIFOMODE_DISABLE
RCC.FMCFreq_Value=240000000
NVIC1.DebugMonitor_IRQn=true\:0\:0\:false\:false\:true\:false\:false\:false
NVIC1.DMA1_Stream3_IRQn=true\:5\:0\:false\:false\:true\:true\:false\:true
NVIC2.DMA1_Stream4_IRQn=true\:5\:0\:false\:false\:true\:true\:false\:true
TIM1.Channel-PWM\ Generation1\ CH1=TIM_CHANNEL_1
PG12.GPIOParameters=GPIO_Label,PinAttribute
NVIC2.SavedSvcallIrqHandlerGenerated=true
PD8.PinAttribute=CortexM4
Dma.USART3_RX.7.MemDataAlignment=DMA_MDATAALIGN_BYTE
RCC.USART16Freq_Value=120000000
SPI1.DataSize=SPI_DATASIZE_8BIT
PE4.GPIO_Label=LSM9DS1_SDO_AG
Dma.UART7_TX.1.PeriphInc=DMA_PINC_DISABLE
PC9.Mode=SD_4_bits_Wide_bus
Dma.ADC1.2.Direction=DMA_PERIPH_TO_MEMORY
VP_FREERTOS_M4_VS_CMSIS_V2.Signal=FREERTOS_M4_VS_CMSIS_V2
PE2.Signal=GPIO_Output
PA8.Signal=S_TIM1_CH1
PA14\ (JTCK/SWCLK).Mode=Trace_Asynchronous_SW
Dma.SPI1_RX.3.RequestParameters=Instance,Direction,PeriphInc,MemInc,PeriphDataAlignment,MemDataAlignment,Mode,Priority,FIFOMode,SignalID,Polarity,RequestNumber,SyncSignalID,SyncPolarity,SyncEnable,EventEnable,SyncRequestNumber
SH.GPXTI11.ConfNb=1
RCC.DIVR2Freq_Value=75000000
Dma.UART7_RX.0.Priority=DMA_PRIORITY_HIGH
ProjectManager.HalAssertFull=false
VP_TIM1_VS_ClockSourceINT.Mode=Internal
ADC1.SamplingTime-0\#ChannelRegularConversion=ADC_SAMPLETIME_1CYCLE_5
RCC.DIVP2Freq_Value=75000000
NVIC2.OTG_FS_IRQn=true\:5\:0\:false\:false\:true\:true\:false\:true
RCC.MCO2PinFreq_Value=480000000
PC8.GPIOParameters=PinAttribute
PA7.PinAttribute=CortexM4
Mcu.Package=LQFP144
PB9.Signal=I2C1_SDA
PF8.GPIOParameters=GPIO_Label,PinAttribute
FREERTOS_M4.Tasks01=defaultTask,24,128,StartDefaultTask,Default,NULL,Dynamic,NULL,NULL
SH.GPXTI11.0=GPIO_EXTI11
Dma.UART7_RX.0.SignalID=NONE
RCC.PLL3FRACN=3072
PG13.GPIOParameters=GPIO_Label,PinAttribute
USART3.IPParameters=VirtualMode-Asynchronous,BaudRate
RCC.DFSDMFreq_Value=120000000
PA5.GPIOParameters=PinAttribute
NVIC2.SavedSystickIrqHandlerGenerated=true
PC11.Mode=SD_4_bits_Wide_bus
Dma.UART7_TX.1.SyncPolarity=HAL_DMAMUX_SYNC_NO_EVENT
Mcu.Context0=CortexM7
Mcu.Context1=CortexM4
NVIC1.SavedPendsvIrqHandlerGenerated=true
Dma.USART3_RX.7.Instance=DMA1_Stream7
RCC.TraceFreq_Value=480000000
RCC.APB4Freq_Value=120000000
FREERTOS_M7.Tasks01=defaultTask,24,128,StartDefaultTask,Default,NULL,Dynamic,NULL,NULL
RCC.CECFreq_Value=32000
RCC.SAI23Freq_Value=192000000
RCC.LPUART1Freq_Value=120000000
NVIC2.ADC_IRQn=true\:5\:0\:false\:false\:true\:true\:true\:true
TIM1.Period=11000
USB_OTG_FS.IPParameters=VirtualMode
PB10.GPIOParameters=PinAttribute
NVIC2.DMA2_Stream0_IRQn=true\:5\:0\:false\:false\:true\:true\:false\:true
Dma.ADC1.2.EventEnable=DISABLE
Dma.ADC1.2.Polarity=HAL_DMAMUX_REQ_GEN_RISING
PH0-OSC_IN\ (PH0).Mode=HSE-External-Oscillator
PA4.GPIO_Label=SPI1_NCS
PD15.Signal=GPIO_Input
ProjectManager.CustomerFirmwarePackage=
RCC.SupplySource=PWR_LDO_SUPPLY
Dma.SPI1_TX.4.RequestParameters=Instance,Direction,PeriphInc,MemInc,PeriphDataAlignment,MemDataAlignment,Mode,Priority,FIFOMode,SignalID,Polarity,RequestNumber,SyncSignalID,SyncPolarity,SyncEnable,EventEnable,SyncRequestNumber
Dma.ADC1.2.Mode=DMA_CIRCULAR
RCC.VCO3OutputFreq_Value=150000000
Dma.SPI1_RX.3.Polarity=HAL_DMAMUX_REQ_GEN_RISING
PG10.PinAttribute=Free
PA5.Mode=Full_Duplex_Master
PG12.Signal=GPXTI12
Dma.USART3_RX.7.SyncSignalID=NONE
PA6.GPIOParameters=PinAttribute
Dma.I2C1_TX.6.RequestNumber=1
PG12.PinAttribute=CortexM4
Dma.UART7_RX.0.MemInc=DMA_MINC_ENABLE
ProjectManager.ProjectFileName=H745ZI-Q.ioc
RCC.DIVQ3=3
NVIC1.SavedSystickIrqHandlerGenerated=true
Dma.I2C1_TX.6.SyncRequestNumber=1
RCC.DIVQ1=5
ADC1.Rank-0\#ChannelRegularConversion=1
Dma.USART3_RX.7.PeriphInc=DMA_PINC_DISABLE
Mcu.PinsNb=53
PA1.PinAttribute=Free
Dma.UART7_TX.1.Mode=DMA_CIRCULAR
ADC1.IPParameters=Rank-0\#ChannelRegularConversion,master,Channel-0\#ChannelRegularConversion,SamplingTime-0\#ChannelRegularConversion,OffsetNumber-0\#ChannelRegularConversion,OffsetSignedSaturation-0\#ChannelRegularConversion,NbrOfConversionFlag,ClockPrescaler,ConversionDataManagement,ContinuousConvMode
Dma.SPI1_TX.4.SyncSignalID=NONE
Dma.USART3_RX.7.RequestParameters=Instance,Direction,PeriphInc,MemInc,PeriphDataAlignment,MemDataAlignment,Mode,Priority,FIFOMode,SignalID,Polarity,RequestNumber,SyncSignalID,SyncPolarity,SyncEnable,EventEnable,SyncRequestNumber
ADC1.OffsetNumber-0\#ChannelRegularConversion=ADC_OFFSET_NONE
RCC.SWPMI1Freq_Value=120000000
VP_FATFS_M4_VS_SDIO.Signal=FATFS_M4_VS_SDIO
PF9.PinAttribute=Free
FREERTOS_M7.IPParameters=Tasks01
Dma.UART7_RX.0.Instance=DMA1_Stream2
Dma.UART7_RX.0.PeriphDataAlignment=DMA_PDATAALIGN_BYTE
PE8.PinAttribute=Free
PC11.GPIOParameters=PinAttribute
RCC.QSPIFreq_Value=240000000
PG14.Locked=true
PG13.GPIO_Label=LSM9DS1_INT_M
RCC.PWR_Regulator_Voltage_Scale=PWR_REGULATOR_VOLTAGE_SCALE0
Dma.I2C1_RX.5.Polarity=HAL_DMAMUX_REQ_GEN_RISING
PG10.Signal=GPIO_Output
PG13.PinAttribute=CortexM4
PG10.Locked=true
PF8.GPIO_Label=LED_C
Dma.I2C1_RX.5.MemDataAlignment=DMA_MDATAALIGN_BYTE
Dma.UART7_TX.1.RequestParameters=Instance,Direction,PeriphInc,MemInc,PeriphDataAlignment,MemDataAlignment,Mode,Priority,FIFOMode,SignalID,Polarity,RequestNumber,SyncSignalID,SyncPolarity,SyncEnable,EventEnable,SyncRequestNumber
RCC.D1CPREFreq_Value=480000000
PB4\ (NJTRST).PinAttribute=Free
PF11.Mode=IN2-Single-Ended
RCC.USART234578Freq_Value=120000000
Dma.ADC1.2.MemInc=DMA_MINC_ENABLE
RCC.Tim1OutputFreq_Value=240000000
PA12.PinAttribute=CortexM4
RCC.SPI123Freq_Value=192000000
PB11.Mode=I2C
Mcu.Pin51=VP_TIM1_VS_ClockSourceINT
Dma.ADC1.2.SyncSignalID=NONE
Dma.USART3_TX.8.FIFOMode=DMA_FIFOMODE_DISABLE
Mcu.Pin52=VP_USB_DEVICE_M4_VS_USB_DEVICE_CDC_FS
Mcu.Pin50=VP_SYS_M4_VS_tim7
Dma.UART7_RX.0.FIFOMode=DMA_FIFOMODE_DISABLE
NVIC2.ForceEnableDMAVector=true
NVIC2.SDMMC1_IRQn=true\:5\:0\:false\:false\:true\:true\:true\:true
PE8.GPIO_Label=LED_B
RCC.DIVN3=9
VP_TIM1_VS_ClockSourceINT.Signal=TIM1_VS_ClockSourceINT
RCC.DIVN2=9
TIM1.Channel-PWM\ Generation2\ CH2=TIM_CHANNEL_2
I2C1.Timing=0x302027FF
RCC.DIVN1=60
PB11.GPIOParameters=PinAttribute
PB9.Locked=true
NVIC2.SPI1_IRQn=true\:5\:0\:false\:false\:true\:true\:true\:true
Dma.ADC1.2.RequestParameters=Instance,Direction,PeriphInc,MemInc,PeriphDataAlignment,MemDataAlignment,Mode,Priority,FIFOMode,SignalID,Polarity,RequestNumber,SyncSignalID,SyncPolarity,SyncEnable,EventEnable,SyncRequestNumber
Dma.SPI1_RX.3.EventEnable=DISABLE
NVIC2.USART3_IRQn=true\:5\:0\:false\:false\:true\:true\:true\:true
NVIC1.HSEM1_IRQn=true\:5\:0\:false\:false\:true\:true\:true\:true
Dma.I2C1_TX.6.FIFOMode=DMA_FIFOMODE_DISABLE
PD8.Mode=Asynchronous
Mcu.Pin48=VP_FREERTOS_M7_VS_CMSIS_V2
Mcu.Pin49=VP_SYS_VS_tim6
Mcu.Pin46=VP_FATFS_M4_VS_SDIO
ADC1.OffsetSignedSaturation-0\#ChannelRegularConversion=DISABLE
Mcu.Pin47=VP_FREERTOS_M4_VS_CMSIS_V2
PB10.Signal=I2C2_SCL
Dma.UART7_TX.1.SyncEnable=DISABLE
Dma.SPI1_RX.3.MemInc=DMA_MINC_ENABLE
RCC.USBCLockSelection=RCC_USBCLKSOURCE_PLL3
PA5.Signal=SPI1_SCK
Mcu.Pin40=PG13
Mcu.Pin41=PG14
PE13.GPIOParameters=PinAttribute
PC12.Mode=SD_4_bits_Wide_bus
Mcu.Pin44=PB8
Mcu.Pin45=PB9
Dma.I2C1_TX.6.Instance=DMA1_Stream6
Mcu.Pin42=PB3 (JTDO/TRACESWO)
PG11.PinAttribute=CortexM4
Mcu.Pin43=PB4 (NJTRST)
ProjectManager.LastFirmware=true
PB9.PinAttribute=CortexM4
Dma.SPI1_RX.3.SyncEnable=DISABLE
Dma.USART3_RX.7.SignalID=NONE
NVIC2.BusFault_IRQn=true\:0\:0\:false\:false\:true\:false\:false\:false
VP_SYS_VS_tim6.Signal=SYS_VS_tim6
RCC.AHB12Freq_Value=240000000
PE14.Signal=S_TIM1_CH4
Dma.UART7_TX.1.FIFOMode=DMA_FIFOMODE_DISABLE
Mcu.Pin37=PG10
Dma.UART7_RX.0.RequestNumber=1
Mcu.Pin38=PG11
PA11.PinAttribute=CortexM4
Mcu.Pin35=PC12
PE8.Signal=GPIO_Output
Mcu.Pin36=PD2
SPI1.Mode=SPI_MODE_MASTER
USB_DEVICE_M4.VirtualModeFS=Cdc_FS
Mcu.Pin39=PG12
RCC.RNGFreq_Value=48000000
Dma.USART3_TX.8.SyncPolarity=HAL_DMAMUX_SYNC_NO_EVENT
Mcu.Pin30=PA12
PA1.GPIO_Label=SBUS_RX
Dma.ADC1.2.RequestNumber=1
PF11.Locked=true
Mcu.Pin33=PC10
Mcu.Pin34=PC11
Dma.USART3_RX.7.Priority=DMA_PRIORITY_HIGH
Mcu.Pin31=PA13 (JTMS/SWDIO)
Mcu.Pin32=PA14 (JTCK/SWCLK)
USB_DEVICE_M4.CLASS_NAME_FS=CDC
PC10.GPIOParameters=PinAttribute
PE7.Locked=true
PG14.GPIO_Label=LSM9DS1_DRDY_M
Dma.UART7_RX.0.Direction=DMA_PERIPH_TO_MEMORY
RCC.ProductRev=revV
ProjectManager.FreePins=false
PC9.GPIOParameters=PinAttribute
RCC.LPTIM2Freq_Value=120000000
PF9.GPIOParameters=GPIO_Label,PinAttribute
Mcu.Pin26=PC8
Dma.ADC1.2.SyncEnable=DISABLE
PB3\ (JTDO/TRACESWO).PinAttribute=CortexM7
Mcu.Pin27=PC9
SPI1.NSSPMode=SPI_NSS_PULSE_DISABLE
Mcu.Pin24=PD14
Dma.ADC1.2.Instance=DMA1_Stream4
ProjectManager.UnderRoot=true
Mcu.Pin25=PD15
CORTEX_M7.IPParameters=CPU_ICache,CPU_DCache,MPU_Control
PE2.PinAttribute=Free
Mcu.Pin28=PA8
PC8.Mode=SD_4_bits_Wide_bus
Mcu.Pin29=PA11
Dma.SPI1_TX.4.PeriphInc=DMA_PINC_DISABLE
Dma.SPI1_TX.4.Priority=DMA_PRIORITY_HIGH
PA4.Signal=GPIO_Output
PD14.GPIOParameters=GPIO_Label,PinAttribute
Mcu.Pin22=PD8
Dma.SPI1_RX.3.RequestNumber=1
Mcu.Pin23=PD9
PA8.PinAttribute=CortexM4
Mcu.Pin20=PB10
ADC1.master=1
Dma.USART3_TX.8.Polarity=HAL_DMAMUX_REQ_GEN_RISING
Mcu.Pin21=PB11
ProjectManager.CompilerOptimize=6
PD15.Locked=true
PA11.Signal=USB_OTG_FS_DM
Dma.USART3_TX.8.SyncSignalID=NONE
ProjectManager.HeapSize=0x200
Mcu.Pin15=PE7
Dma.UART7_TX.1.MemInc=DMA_MINC_ENABLE
NVIC2.DMA1_Stream7_IRQn=true\:5\:0\:false\:false\:true\:true\:false\:true
Mcu.Pin16=PE8
Dma.ADC1.2.FIFOMode=DMA_FIFOMODE_DISABLE
Mcu.Pin13=PA7
UART7.IPParameters=BaudRate
Mcu.Pin14=PF11
PF8.Locked=true
PD9.PinAttribute=CortexM4
Mcu.Pin19=PE14
PF6.Mode=Asynchronous
RCC.LPTIM345Freq_Value=120000000
UART7.BaudRate=921600
ProjectManager.ComputerToolchain=false
PF9.Signal=GPIO_Output
Mcu.Pin17=PE11
Mcu.Pin18=PE13
RCC.LTDCFreq_Value=75000000
Mcu.Pin11=PA5
PA14\ (JTCK/SWCLK).PinAttribute=CortexM7
Mcu.Pin12=PA6
PG12.ContextOwner=CortexM4
PB3\ (JTDO/TRACESWO).Mode=Trace_Asynchronous_SW
PB8.Mode=I2C
Mcu.Pin10=PA4
PD15.PinAttribute=Free
ADC1.ConversionDataManagement=ADC_CONVERSIONDATA_DMA_CIRCULAR
PE3.Signal=GPIO_Output
PE2.Locked=true
PC9.PinAttribute=CortexM4
PB4\ (NJTRST).GPIO_Label=LSM9DS1_CS_M
Dma.USART3_RX.7.SyncEnable=DISABLE
PE14.PinAttribute=CortexM4
Dma.SPI1_TX.4.SignalID=NONE
Dma.USART3_TX.8.RequestNumber=1
TIM1.Channel-PWM\ Generation3\ CH3=TIM_CHANNEL_3
PD2.Signal=SDMMC1_CMD
RCC.HCLK3ClockFreq_Value=240000000
Dma.SPI1_RX.3.SyncSignalID=NONE
NVIC1.BusFault_IRQn=true\:0\:0\:false\:false\:true\:false\:false\:false
Mcu.ContextNb=2
SH.S_TIM1_CH4.ConfNb=1
PA7.GPIOParameters=PinAttribute
RCC.CPU2SystikFreq_Value=240000000
PG10.GPIO_Label=LSM9DS1_DEN_AG
PA13\ (JTMS/SWDIO).Signal=DEBUG_JTMS-SWDIO
Dma.USART3_TX.8.SyncRequestNumber=1
NVIC2.TIM7_IRQn=true\:0\:0\:false\:false\:true\:false\:false\:true
Mcu.Family=STM32H7
Dma.SPI1_TX.4.MemInc=DMA_MINC_ENABLE
Dma.SPI1_TX.4.EventEnable=DISABLE
RCC.DIVQ2Freq_Value=75000000
Dma.SPI1_RX.3.SyncRequestNumber=1
ProjectManager.MainLocation=Core/Src
PD2.PinAttribute=CortexM4
I2C2.IPParameters=Timing
PA6.Mode=Full_Duplex_Master
PA14\ (JTCK/SWCLK).GPIOParameters=PinAttribute
RCC.SAI1Freq_Value=192000000
RCC.CortexFreq_Value=480000000
PB10.PinAttribute=CortexM4
ProjectManager.KeepUserCode=true
Mcu.UserName=STM32H745ZITx
PD9.GPIOParameters=PinAttribute
Dma.SPI1_RX.3.PeriphInc=DMA_PINC_DISABLE
ADC1.ContinuousConvMode=ENABLE
RCC.HPRE=RCC_HCLK_DIV2
PG13.ContextOwner=CortexM4
PH0-OSC_IN\ (PH0).Signal=RCC_OSC_IN
Dma.I2C1_TX.6.SyncEnable=DISABLE
Dma.UART7_TX.1.SyncRequestNumber=1
NVIC2.I2C1_ER_IRQn=true\:5\:0\:false\:false\:true\:true\:true\:true
Dma.ADC1.2.SyncPolarity=HAL_DMAMUX_SYNC_NO_EVENT
PC10.Signal=SDMMC1_D2
Dma.I2C1_TX.6.MemDataAlignment=DMA_MDATAALIGN_BYTE
VP_FATFS_M4_VS_SDIO.Mode=SDIO
Dma.I2C1_RX.5.RequestParameters=Instance,Direction,PeriphInc,MemInc,PeriphDataAlignment,MemDataAlignment,Mode,Priority,FIFOMode,SignalID,Polarity,RequestNumber,SyncSignalID,SyncPolarity,SyncEnable,EventEnable,SyncRequestNumber
I2C2.Timing=0x307075B1
PA12.GPIOParameters=PinAttribute
ProjectManager.functionlistsort=1-MX_GPIO_Init-GPIO-false-HAL-true-CortexM7,2-MX_DMA_Init-DMA-false-HAL-true-CortexM7,3-SystemClock_Config-RCC-false-HAL-false-CortexM7,4-MX_FREERTOS_Init-FREERTOS_M7-false-HAL-false-CortexM7,5-MX_UART7_Init-UART7-false-HAL-true-CortexM7,1-MX_GPIO_Init-GPIO-false-HAL-true-CortexM4,2-MX_DMA_Init-DMA-false-HAL-true-CortexM4,3-MX_FREERTOS_Init-FREERTOS_M4-false-HAL-false-CortexM4,4-MX_USART3_UART_Init-USART3-false-HAL-true-CortexM4,5-MX_TIM1_Init-TIM1-false-HAL-true-CortexM4,6-MX_I2C1_Init-I2C1-false-HAL-true-CortexM4,7-MX_SPI1_Init-SPI1-false-HAL-true-CortexM4,8-MX_ADC1_Init-ADC1-false-HAL-true-CortexM4,9-MX_I2C2_Init-I2C2-false-HAL-true-CortexM4,10-MX_SDMMC1_SD_Init-SDMMC1-false-HAL-true-CortexM4,11-MX_FATFS_Init-FATFS_M4-false-HAL-false-CortexM4,12-MX_USB_DEVICE_Init-USB_DEVICE_M4-false-HAL-false-CortexM4,0-MX_CORTEX_M7_Init-CORTEX_M7-false-HAL-true-CortexM7,0-MX_CORTEX_M4_Init-CORTEX_M4-false-HAL-true-CortexM4
PA11.GPIOParameters=PinAttribute
Dma.SPI1_RX.3.Instance=DMA1_Stream0
PA11.Mode=Device_Only
SDMMC1.ClockDiv=4
RCC.PLL2FRACN=3072
Dma.USART3_RX.7.Polarity=HAL_DMAMUX_REQ_GEN_RISING
RCC.VCO2OutputFreq_Value=150000000
TIM1.Pulse-PWM\ Generation1\ CH1=50
SH.S_TIM1_CH3.ConfNb=1
Dma.I2C1_RX.5.SignalID=NONE
PC12.PinAttribute=CortexM4
PB11.Signal=I2C2_SDA
PD9.Mode=Asynchronous
PE3.PinAttribute=Free
PC11.PinAttribute=CortexM4
PE4.PinAttribute=Free
PG11.Signal=GPXTI11
Dma.UART7_TX.1.Instance=DMA1_Stream3
ProjectManager.StackSize=0x400
Dma.SPI1_RX.3.MemDataAlignment=DMA_MDATAALIGN_BYTE
NVIC2.TimeBase=TIM7_IRQn
RCC.VCOInput3Freq_Value=16000000
Mcu.IP4=DMA
Mcu.IP5=FATFS_M4
Mcu.IP2=CORTEX_M7
I2C1.IPParameters=Timing,I2C_Speed_Mode,Speed
PB11.PinAttribute=CortexM4
Mcu.IP3=DEBUG
Mcu.IP0=ADC1
Mcu.IP1=CORTEX_M4
Dma.SPI1_RX.3.Priority=DMA_PRIORITY_HIGH
PA12.Signal=USB_OTG_FS_DP
Dma.SPI1_TX.4.SyncRequestNumber=1
PE4.GPIOParameters=GPIO_Label,PinAttribute
TIM1.Prescaler=54
Dma.UART7_RX.0.EventEnable=DISABLE
Mcu.UserConstants=
PF9.Locked=true
RCC.DIVP3Freq_Value=75000000
RCC.SDMMCFreq_Value=192000000
SH.GPXTI13.ConfNb=1
Mcu.ThirdPartyNb=0
TIM1.Channel-PWM\ Generation4\ CH4=TIM_CHANNEL_4
Dma.I2C1_RX.5.MemInc=DMA_MINC_ENABLE
RCC.HCLKFreq_Value=240000000
Mcu.IPNb=22
Dma.UART7_TX.1.PeriphDataAlignment=DMA_PDATAALIGN_BYTE
ProjectManager.PreviousToolchain=
Dma.UART7_TX.1.SyncSignalID=NONE
RCC.SPDIFRXFreq_Value=192000000
PD8.GPIOParameters=PinAttribute
PE13.PinAttribute=CortexM4
PA8.GPIOParameters=PinAttribute
Mcu.Pin6=PF9
Dma.I2C1_RX.5.Priority=DMA_PRIORITY_VERY_HIGH
Dma.USART3_TX.8.Instance=DMA2_Stream0
Mcu.Pin7=PH0-OSC_IN (PH0)
Dma.USART3_TX.8.Mode=DMA_NORMAL
Mcu.Pin8=PH1-OSC_OUT (PH1)
Dma.UART7_RX.0.SyncRequestNumber=1
RCC.HSICalibrationValue=64
Mcu.Pin9=PA1
Dma.ADC1.2.SignalID=NONE
Mcu.Pin0=PE2
Mcu.Pin1=PE3
Dma.I2C1_RX.5.SyncSignalID=NONE
GPIO.groupedBy=Group By Peripherals
Mcu.Pin2=PE4
Dma.USART3_TX.8.EventEnable=DISABLE
FATFS_M4.IPParameters=_MAX_SS
RCC.HRTIMFreq_Value=240000000
Mcu.Pin3=PF6
Mcu.Pin4=PF7
Mcu.Pin5=PF8
ADC1.Channel-0\#ChannelRegularConversion=ADC_CHANNEL_2
Dma.SPI1_RX.3.SignalID=NONE
Dma.USART3_RX.7.SyncPolarity=HAL_DMAMUX_SYNC_NO_EVENT
PH1-OSC_OUT\ (PH1).Mode=HSE-External-Oscillator
RCC.DIVR3Freq_Value=75000000
RCC.HSE_VALUE=16000000
Dma.UART7_RX.0.Polarity=HAL_DMAMUX_REQ_GEN_RISING
Mcu.IP10=NVIC1
PG14.PinAttribute=Free
Mcu.IP12=RCC
Mcu.IP11=NVIC2
Dma.USART3_RX.7.Mode=DMA_CIRCULAR
NVIC2.DMA1_Stream5_IRQn=true\:5\:0\:false\:false\:true\:true\:false\:true
PA13\ (JTMS/SWDIO).PinAttribute=CortexM7
Mcu.IP18=UART7
Mcu.IP17=TIM1
Dma.SPI1_TX.4.FIFOMode=DMA_FIFOMODE_DISABLE
Mcu.IP19=USART3
NVIC2.PriorityGroup=NVIC_PRIORITYGROUP_4
RCC.DIVP1Freq_Value=480000000
Mcu.IP14=SPI1
Mcu.IP13=SDMMC1
PE13.Signal=S_TIM1_CH3
Mcu.IP16=SYS_M4
Mcu.IP15=SYS
VP_USB_DEVICE_M4_VS_USB_DEVICE_CDC_FS.Signal=USB_DEVICE_M4_VS_USB_DEVICE_CDC_FS
Dma.SPI1_TX.4.SyncPolarity=HAL_DMAMUX_SYNC_NO_EVENT
PE8.Locked=true
Dma.I2C1_TX.6.MemInc=DMA_MINC_ENABLE
Dma.I2C1_TX.6.RequestParameters=Instance,Direction,PeriphInc,MemInc,PeriphDataAlignment,MemDataAlignment,Mode,Priority,FIFOMode,SignalID,Polarity,RequestNumber,SyncSignalID,SyncPolarity,SyncEnable,EventEnable,SyncRequestNumber
Dma.SPI1_RX.3.Direction=DMA_PERIPH_TO_MEMORY
PF11.Signal=ADC1_INP2
File.Version=6
PD14.PinAttribute=Free
PE3.GPIOParameters=GPIO_Label,PinAttribute
PG11.ContextOwner=CortexM4
PE3.Locked=true
Mcu.IP21=USB_OTG_FS
PB8.Locked=true
Mcu.IP20=USB_DEVICE_M4
NVIC1.MemoryManagement_IRQn=true\:0\:0\:false\:false\:true\:false\:false\:false
Dma.SPI1_TX.4.MemDataAlignment=DMA_MDATAALIGN_BYTE
NVIC2.TimeBaseIP=TIM7
PF11.GPIOParameters=PinAttribute
CortexM7.IPs=FATFS_M7\:I,FREERTOS_M7\:I,IWDG1\:I,RCC\:I,WWDG1\:I,DMA\:I,BDMA\:I,MDMA\:I,NVIC1\:I,SYS\:I,CORTEX_M7\:I,DEBUG\:I,USB_DEVICE_M7\:I,USB_HOST_M7\:I,PDM2PCM_M7\:I,PWR\:I,RESMGR_UTILITY\:I,VREFBUF\:I,TIM6\:I,OPENAMP_M7\:I,UART7\:I
PF7.PinAttribute=CortexM7
Dma.USART3_RX.7.Direction=DMA_PERIPH_TO_MEMORY
PE4.Signal=GPIO_Output
Dma.RequestsNb=9
PF8.PinAttribute=Free
NVIC1.DMA1_Stream2_IRQn=true\:5\:0\:false\:false\:true\:true\:false\:true
NVIC2.I2C1_EV_IRQn=true\:5\:0\:false\:false\:true\:true\:true\:true
Dma.USART3_TX.8.SyncEnable=DISABLE
ProjectManager.ProjectName=H745ZI-Q
Dma.UART7_RX.0.Mode=DMA_NORMAL
RCC.APB3Freq_Value=120000000
Dma.USART3_TX.8.SignalID=NONE
PB4\ (NJTRST).Locked=true
PA6.Signal=SPI1_MISO
PC10.PinAttribute=CortexM4
RCC.D1PPRE=RCC_APB3_DIV2
PG11.Locked=true
TIM1.Pulse-PWM\ Generation2\ CH2=50
Dma.UART7_RX.0.PeriphInc=DMA_PINC_DISABLE
Dma.I2C1_TX.6.SignalID=NONE
Dma.SPI1_TX.4.Direction=DMA_MEMORY_TO_PERIPH
ProjectManager.ToolChainLocation=
PD14.Locked=true
VP_USB_DEVICE_M4_VS_USB_DEVICE_CDC_FS.Mode=CDC_FS
Dma.I2C1_RX.5.Instance=DMA1_Stream5
Dma.USART3_TX.8.Priority=DMA_PRIORITY_LOW
USB_OTG_FS.VirtualMode=Device_Only
PF8.Signal=GPIO_Output
RCC.DIVR1Freq_Value=480000000
Dma.I2C1_TX.6.EventEnable=DISABLE
Dma.I2C1_RX.5.FIFOMode=DMA_FIFOMODE_DISABLE
Dma.Request2=ADC1
Dma.Request1=UART7_TX
Dma.Request4=SPI1_TX
Dma.I2C1_RX.5.SyncPolarity=HAL_DMAMUX_SYNC_NO_EVENT
Dma.Request3=SPI1_RX
FATFS_M4._MAX_SS=4096
Dma.Request6=I2C1_TX
Dma.Request5=I2C1_RX
PG11.GPIO_Label=LSM9DS1_INT2_AG
Dma.Request8=USART3_TX
Dma.Request7=USART3_RX
PE7.Signal=GPIO_Output
Dma.UART7_TX.1.Polarity=HAL_DMAMUX_REQ_GEN_RISING
Dma.Request0=UART7_RX
SPI1.BaudRatePrescaler=SPI_BAUDRATEPRESCALER_16
PF11.PinAttribute=CortexM4
PE2.GPIO_Label=LSM9DS1_SDO_M
Dma.I2C1_RX.5.Direction=DMA_PERIPH_TO_MEMORY
RCC.Tim2OutputFreq_Value=240000000
Dma.SPI1_TX.4.SyncEnable=DISABLE
RCC.DFSDMACLkFreq_Value=192000000
Dma.UART7_RX.0.RequestParameters=Instance,Direction,PeriphInc,MemInc,PeriphDataAlignment,MemDataAlignment,Mode,Priority,FIFOMode,SignalID,Polarity,RequestNumber,SyncSignalID,SyncPolarity,SyncEnable,EventEnable,SyncRequestNumber
PH1-OSC_OUT\ (PH1).PinAttribute=CortexM7
Dma.I2C1_TX.6.Mode=DMA_NORMAL
Dma.I2C1_RX.5.EventEnable=DISABLE
Dma.I2C1_TX.6.Priority=DMA_PRIORITY_VERY_HIGH
RCC.PLLSourceVirtual=RCC_PLLSOURCE_HSE
I2C1.Speed=100
Dma.I2C1_TX.6.Direction=DMA_MEMORY_TO_PERIPH
NVIC1.HardFault_IRQn=true\:0\:0\:false\:false\:true\:false\:false\:false
PE8.GPIOParameters=GPIO_Label,PinAttribute
CORTEX_M7.CPU_ICache=Enabled
NVIC1.TIM6_DAC_IRQn=true\:0\:0\:false\:false\:true\:false\:true\:true
Dma.UART7_TX.1.MemDataAlignment=DMA_MDATAALIGN_BYTE
PB8.GPIOParameters=PinAttribute
PD15.GPIO_Label=M8Q_NRST
Dma.UART7_TX.1.RequestNumber=1
PA7.Mode=Full_Duplex_Master
PA13\ (JTMS/SWDIO).Mode=Trace_Asynchronous_SW
PE14.GPIOParameters=PinAttribute
Dma.UART7_TX.1.Direction=DMA_MEMORY_TO_PERIPH
ProjectManager.NoMain=false
SPI1.IPParameters=VirtualType,Mode,Direction,BaudRatePrescaler,CalculateBaudRate,DataSize,NSSPMode
Dma.USART3_TX.8.MemInc=DMA_MINC_ENABLE
Dma.USART3_RX.7.EventEnable=DISABLE
PC11.Signal=SDMMC1_D3
Dma.ADC1.2.PeriphDataAlignment=DMA_PDATAALIGN_HALFWORD
CortexM4.Pins=PG11,PG12,PG13
RCC.SAI4BFreq_Value=192000000
Dma.SPI1_TX.4.PeriphDataAlignment=DMA_PDATAALIGN_BYTE
PC8.Signal=SDMMC1_D0
PC10.Mode=SD_4_bits_Wide_bus
NVIC1.PriorityGroup=NVIC_PRIORITYGROUP_4
RCC.D2PPRE2=RCC_APB2_DIV2
RCC.D2PPRE1=RCC_APB1_DIV2
ProjectManager.DefaultFWLocation=true
PD9.Signal=USART3_RX
PE7.PinAttribute=Free
ProjectManager.DeletePrevious=true
boardIOC=true
PA13\ (JTMS/SWDIO).GPIOParameters=PinAttribute
Dma.SPI1_TX.4.Instance=DMA1_Stream1
Dma.SPI1_TX.4.RequestNumber=1
RCC.FamilyName=M
PH1-OSC_OUT\ (PH1).Signal=RCC_OSC_OUT
Dma.UART7_RX.0.SyncEnable=DISABLE
Dma.I2C1_RX.5.SyncRequestNumber=1
Dma.UART7_RX.0.SyncPolarity=HAL_DMAMUX_SYNC_NO_EVENT
PB9.GPIOParameters=PinAttribute
VP_FREERTOS_M7_VS_CMSIS_V2.Mode=CMSIS_V2
RCC.SPI6Freq_Value=120000000
PC12.GPIOParameters=PinAttribute
TIM1.Pulse-PWM\ Generation3\ CH3=50
PF7.Mode=Asynchronous
NVIC2.EXTI15_10_IRQn=true\:5\:0\:false\:false\:true\:true\:true\:true
CORTEX_M7.MPU_Control=__NULL
PB4\ (NJTRST).GPIOParameters=GPIO_Label,PinAttribute
RCC.SPI45Freq_Value=120000000
NVIC1.SVCall_IRQn=true\:0\:0\:false\:false\:false\:false\:false\:false
PH1-OSC_OUT\ (PH1).GPIOParameters=PinAttribute
SH.S_TIM1_CH1.0=TIM1_CH1,PWM Generation1 CH1
NVIC1.NonMaskableInt_IRQn=true\:0\:0\:false\:false\:true\:false\:false\:false
PF6.Signal=UART7_RX
PB3\ (JTDO/TRACESWO).Locked=true
PB3\ (JTDO/TRACESWO).Signal=DEBUG_JTDO-SWO
ProjectManager.TargetToolchain=STM32CubeIDE
PE7.GPIOParameters=GPIO_Label,PinAttribute
RCC.VCO1OutputFreq_Value=960000000
PE11.PinAttribute=CortexM4
NVIC2.SVCall_IRQn=true\:0\:0\:false\:false\:false\:false\:false\:false
PB9.Mode=I2C
RCC.AXIClockFreq_Value=240000000
NVIC1.ForceEnableDMAVector=true
SH.GPXTI12.ConfNb=1
PE4.Locked=true
NVIC2.DMA1_Stream6_IRQn=true\:5\:0\:false\:false\:true\:true\:false\:true
PE2.GPIOParameters=GPIO_Label,PinAttribute
PG10.GPIOParameters=GPIO_Label,PinAttribute
ProjectManager.RegisterCallBack=
Dma.USART3_TX.8.RequestParameters=Instance,Direction,PeriphInc,MemInc,PeriphDataAlignment,MemDataAlignment,Mode,Priority,FIFOMode,SignalID,Polarity,RequestNumber,SyncSignalID,SyncPolarity,SyncEnable,EventEnable,SyncRequestNumber
RCC.USBFreq_Value=50000000
PF9.GPIO_Label=LED_D
VP_FREERTOS_M4_VS_CMSIS_V2.Mode=CMSIS_V2
PE11.Signal=S_TIM1_CH2
Dma.USART3_RX.7.RequestNumber=1
PA1.Signal=GPIO_Output
RCC.CKPERFreq_Value=64000000
SH.S_TIM1_CH2.ConfNb=1
ProjectManager.BootMode=boot0
PD2.Mode=SD_4_bits_Wide_bus
PG14.Signal=GPIO_Output
Dma.UART7_TX.1.EventEnable=DISABLE
board=NUCLEO-H745ZI-Q
Dma.UART7_TX.1.Priority=DMA_PRIORITY_HIGH
RCC.VCOInput1Freq_Value=16000000
Dma.USART3_TX.8.PeriphDataAlignment=DMA_PDATAALIGN_BYTE
RCC.APB2Freq_Value=120000000
NVIC1.UsageFault_IRQn=true\:0\:0\:false\:false\:true\:false\:false\:false
MxCube.Version=6.2.1
SH.S_TIM1_CH2.0=TIM1_CH2,PWM Generation2 CH2
RCC.FDCANFreq_Value=192000000
Dma.UART7_TX.1.SignalID=NONE
NVIC1.CM4_SEV_IRQn=true\:5\:0\:false\:false\:true\:true\:false\:false
RCC.ADCFreq_Value=75000000
PD14.GPIO_Label=M8Q_PPS
PA4.GPIOParameters=GPIO_Label,PinAttribute
NVIC1.TimeBase=TIM6_DAC_IRQn
RCC.IPParameters=ADCCLockSelection,ADCFreq_Value,AHB12Freq_Value,AHB4Freq_Value,APB1Freq_Value,APB2Freq_Value,APB3Freq_Value,APB4Freq_Value,AXIClockFreq_Value,CECFreq_Value,CKPERFreq_Value,CPU2Freq_Value,CPU2SystikFreq_Value,CortexFreq_Value,CpuClockFreq_Value,D1CPREFreq_Value,D1PPRE,D2PPRE1,D2PPRE2,D3PPRE,DFSDMACLkFreq_Value,DFSDMFreq_Value,DIVM1,DIVM2,DIVM3,DIVN1,DIVN2,DIVN3,DIVP1Freq_Value,DIVP2Freq_Value,DIVP3Freq_Value,DIVQ1,DIVQ1Freq_Value,DIVQ2Freq_Value,DIVQ3,DIVQ3Freq_Value,DIVR1Freq_Value,DIVR2Freq_Value,DIVR3Freq_Value,FDCANFreq_Value,FMCFreq_Value,FamilyName,HCLK3ClockFreq_Value,HCLKFreq_Value,HPRE,HRTIMFreq_Value,HSE_VALUE,HSICalibrationValue,I2C123Freq_Value,I2C4Freq_Value,LPTIM1Freq_Value,LPTIM2Freq_Value,LPTIM345Freq_Value,LPUART1Freq_Value,LTDCFreq_Value,MCO1PinFreq_Value,MCO2PinFreq_Value,PLL2FRACN,PLL3FRACN,PLLFRACN,PLLSourceVirtual,PWR_Regulator_Voltage_Scale,ProductRev,QSPIFreq_Value,RNGFreq_Value,RTCFreq_Value,SAI1Freq_Value,SAI23Freq_Value,SAI4AFreq_Value,SAI4BFreq_Value,SDMMCFreq_Value,SPDIFRXFreq_Value,SPI123Freq_Value,SPI45Freq_Value,SPI6Freq_Value,SWPMI1Freq_Value,SYSCLKFreq_VALUE,SYSCLKSource,SupplySource,Tim1OutputFreq_Value,Tim2OutputFreq_Value,TraceFreq_Value,USART16Freq_Value,USART234578Freq_Value,USBCLockSelection,USBFreq_Value,VCO1OutputFreq_Value,VCO2OutputFreq_Value,VCO3OutputFreq_Value,VCOInput1Freq_Value,VCOInput2Freq_Value,VCOInput3Freq_Value
ProjectManager.AskForMigrate=true
Mcu.Name=STM32H745ZITx
PA4.PinAttribute=Free
PE7.GPIO_Label=LED_A
Dma.UART7_RX.0.SyncSignalID=NONE
Dma.USART3_RX.7.SyncRequestNumber=1
Mcu.IP8=I2C1
Mcu.IP9=I2C2
PD14.Signal=GPIO_Output
Mcu.IP6=FREERTOS_M4
Mcu.IP7=FREERTOS_M7
ProjectManager.CoupleFile=true
Dma.I2C1_TX.6.PeriphDataAlignment=DMA_PDATAALIGN_BYTE
RCC.SYSCLKFreq_VALUE=480000000
Dma.ADC1.2.Priority=DMA_PRIORITY_LOW
RCC.I2C123Freq_Value=120000000
PA1.Locked=true
PA12.Mode=Device_Only
Dma.ADC1.2.PeriphInc=DMA_PINC_DISABLE
Dma.I2C1_RX.5.Mode=DMA_NORMAL
KeepUserPlacement=false
PG12.Locked=true
Dma.USART3_RX.7.MemInc=DMA_MINC_ENABLE
Dma.SPI1_RX.3.PeriphDataAlignment=DMA_PDATAALIGN_BYTE
Dma.ADC1.2.SyncRequestNumber=1
Dma.SPI1_TX.4.Mode=DMA_NORMAL
Dma.I2C1_TX.6.SyncPolarity=HAL_DMAMUX_SYNC_NO_EVENT
NVIC2.MemoryManagement_IRQn=true\:0\:0\:false\:false\:true\:false\:false\:false
PF6.GPIOParameters=PinAttribute
SH.S_TIM1_CH3.0=TIM1_CH3,PWM Generation3 CH3
PF6.PinAttribute=CortexM7
PG12.GPIO_Label=LSM9DS1_INT_AG
TIM1.Pulse-PWM\ Generation4\ CH4=50
NVIC2.DMA1_Stream1_IRQn=true\:5\:0\:false\:false\:true\:true\:false\:true
USB_DEVICE_M4.VirtualMode-CDC_FS=Cdc
NVIC2.CM7_SEV_IRQn=true\:5\:0\:false\:false\:true\:true\:false\:false
NVIC2.DebugMonitor_IRQn=true\:0\:0\:false\:false\:true\:false\:false\:false
RCC.SAI4AFreq_Value=192000000
ADC1.NbrOfConversionFlag=1
Dma.SPI1_RX.3.FIFOMode=DMA_FIFOMODE_DISABLE
RCC.DIVQ1Freq_Value=192000000
PB8.Signal=I2C1_SCL
PE3.GPIO_Label=LSM9DS1_CS_AG
RCC.D3PPRE=RCC_APB4_DIV2
Dma.I2C1_RX.5.PeriphDataAlignment=DMA_PDATAALIGN_BYTE
PC9.Signal=SDMMC1_D1
CORTEX_M7.CPU_DCache=Enabled
SDMMC1.IPParameters=ClockDiv
RCC.VCOInput2Freq_Value=16000000
PD9.Locked=true
Dma.USART3_RX.7.PeriphDataAlignment=DMA_PDATAALIGN_BYTE
RCC.APB1Freq_Value=120000000
Dma.I2C1_RX.5.PeriphInc=DMA_PINC_DISABLE
ADC1.ClockPrescaler=ADC_CLOCK_ASYNC_DIV8
NVIC2.HardFault_IRQn=true\:0\:0\:false\:false\:true\:false\:false\:false
ProjectManager.DeviceId=STM32H745ZITx
ProjectManager.LibraryCopy=1
PG11.GPIOParameters=GPIO_Label,PinAttribute
PH0-OSC_IN\ (PH0).GPIOParameters=PinAttribute
PA7.Signal=SPI1_MOSI
CortexM4.IPs=FATFS_M4\:I,FREERTOS_M4\:I,IWDG2\:I,RCC,WWDG2\:I,DMA,BDMA,MDMA,NVIC2\:I,DEBUG,USB_DEVICE_M4\:I,USB_HOST_M4\:I,PDM2PCM_M4\:I,PWR,RESMGR_UTILITY,SYS_M4\:I,CORTEX_M4\:I,VREFBUF,USART3\:I,TIM1\:I,OPENAMP_M4\:I,TIM7\:I,I2C1\:I,SPI1\:I,SDMMC1\:I,ADC1\:I,I2C2\:I,USB_OTG_FS\:I
PB4\ (NJTRST).Signal=GPIO_Output
isbadioc=false
